// !$*UTF8*$!
{
	archiveVersion = 1;
	classes = {
	};
	objectVersion = 46;
	objects = {

/* Begin PBXBuildFile section */
		16222680D1DE428C7F65E41F /* Pods_YYGtemplate.framework in Frameworks */ = {isa = PBXBuildFile; fileRef = 9E50CB0FD35FA1334C266E41 /* Pods_YYGtemplate.framework */; };
		D3242B4C1E839B52008B6AF3 /* customTabBarController.swift in Sources */ = {isa = PBXBuildFile; fileRef = D3242B4B1E839B52008B6AF3 /* customTabBarController.swift */; };
		D3242B511E839C3A008B6AF3 /* YYGcategory.swift in Sources */ = {isa = PBXBuildFile; fileRef = D3242B4E1E839C3A008B6AF3 /* YYGcategory.swift */; };
		D3242B521E839C3A008B6AF3 /* YYGRegular.swift in Sources */ = {isa = PBXBuildFile; fileRef = D3242B4F1E839C3A008B6AF3 /* YYGRegular.swift */; };
		D3242B531E839C3A008B6AF3 /* YYGText.swift in Sources */ = {isa = PBXBuildFile; fileRef = D3242B501E839C3A008B6AF3 /* YYGText.swift */; };
		D32D6A091E8B85A600C87F78 /* YYGlineLabel.swift in Sources */ = {isa = PBXBuildFile; fileRef = D32D6A081E8B85A600C87F78 /* YYGlineLabel.swift */; };
		D32D6A0B1E8CB5C900C87F78 /* fullScreenViewController.swift in Sources */ = {isa = PBXBuildFile; fileRef = D32D6A0A1E8CB5C900C87F78 /* fullScreenViewController.swift */; };
		D32D6A0D1E8CEAA600C87F78 /* YYGKlinecontainerVC.swift in Sources */ = {isa = PBXBuildFile; fileRef = D32D6A0C1E8CEAA600C87F78 /* YYGKlinecontainerVC.swift */; };
		D34643CD1E83C7BB004EE56D /* POPanimator.swift in Sources */ = {isa = PBXBuildFile; fileRef = D34643CC1E83C7BB004EE56D /* POPanimator.swift */; };
		D34643CF1E88E6CC004EE56D /* oneViewController.swift in Sources */ = {isa = PBXBuildFile; fileRef = D34643CE1E88E6CC004EE56D /* oneViewController.swift */; };
		D34643F11E890DE0004EE56D /* YYGKline.swift in Sources */ = {isa = PBXBuildFile; fileRef = D34643F01E890DE0004EE56D /* YYGKline.swift */; };
		D3986AB21E8E237C00C7392F /* KlineParameter.swift in Sources */ = {isa = PBXBuildFile; fileRef = D3986AB11E8E237C00C7392F /* KlineParameter.swift */; };
		D3986AB41E8E257600C7392F /* KlineWalkView.swift in Sources */ = {isa = PBXBuildFile; fileRef = D3986AB31E8E257600C7392F /* KlineWalkView.swift */; };
		D3986AB61E8E679200C7392F /* YYGShapeLayer.swift in Sources */ = {isa = PBXBuildFile; fileRef = D3986AB51E8E679200C7392F /* YYGShapeLayer.swift */; };
		D3E48B8E1E8363C3002C305A /* AppDelegate.swift in Sources */ = {isa = PBXBuildFile; fileRef = D3E48B8D1E8363C3002C305A /* AppDelegate.swift */; };
		D3E48B931E8363C3002C305A /* Main.storyboard in Resources */ = {isa = PBXBuildFile; fileRef = D3E48B911E8363C3002C305A /* Main.storyboard */; };
		D3E48B951E8363C3002C305A /* Assets.xcassets in Resources */ = {isa = PBXBuildFile; fileRef = D3E48B941E8363C3002C305A /* Assets.xcassets */; };
		D3E48B981E8363C3002C305A /* LaunchScreen.storyboard in Resources */ = {isa = PBXBuildFile; fileRef = D3E48B961E8363C3002C305A /* LaunchScreen.storyboard */; };
/* End PBXBuildFile section */

/* Begin PBXFileReference section */
		9C2F9A586BB77F512BC2DC81 /* Pods-YYGtemplate.debug.xcconfig */ = {isa = PBXFileReference; includeInIndex = 1; lastKnownFileType = text.xcconfig; name = "Pods-YYGtemplate.debug.xcconfig"; path = "Pods/Target Support Files/Pods-YYGtemplate/Pods-YYGtemplate.debug.xcconfig"; sourceTree = "<group>"; };
		9E50CB0FD35FA1334C266E41 /* Pods_YYGtemplate.framework */ = {isa = PBXFileReference; explicitFileType = wrapper.framework; includeInIndex = 0; path = Pods_YYGtemplate.framework; sourceTree = BUILT_PRODUCTS_DIR; };
		D3242B4B1E839B52008B6AF3 /* customTabBarController.swift */ = {isa = PBXFileReference; fileEncoding = 4; lastKnownFileType = sourcecode.swift; path = customTabBarController.swift; sourceTree = "<group>"; };
		D3242B4E1E839C3A008B6AF3 /* YYGcategory.swift */ = {isa = PBXFileReference; fileEncoding = 4; lastKnownFileType = sourcecode.swift; path = YYGcategory.swift; sourceTree = "<group>"; };
		D3242B4F1E839C3A008B6AF3 /* YYGRegular.swift */ = {isa = PBXFileReference; fileEncoding = 4; lastKnownFileType = sourcecode.swift; path = YYGRegular.swift; sourceTree = "<group>"; };
		D3242B501E839C3A008B6AF3 /* YYGText.swift */ = {isa = PBXFileReference; fileEncoding = 4; lastKnownFileType = sourcecode.swift; path = YYGText.swift; sourceTree = "<group>"; };
		D32D6A081E8B85A600C87F78 /* YYGlineLabel.swift */ = {isa = PBXFileReference; fileEncoding = 4; lastKnownFileType = sourcecode.swift; path = YYGlineLabel.swift; sourceTree = "<group>"; };
		D32D6A0A1E8CB5C900C87F78 /* fullScreenViewController.swift */ = {isa = PBXFileReference; fileEncoding = 4; lastKnownFileType = sourcecode.swift; path = fullScreenViewController.swift; sourceTree = "<group>"; };
		D32D6A0C1E8CEAA600C87F78 /* YYGKlinecontainerVC.swift */ = {isa = PBXFileReference; fileEncoding = 4; lastKnownFileType = sourcecode.swift; path = YYGKlinecontainerVC.swift; sourceTree = "<group>"; };
		D34643CC1E83C7BB004EE56D /* POPanimator.swift */ = {isa = PBXFileReference; fileEncoding = 4; lastKnownFileType = sourcecode.swift; path = POPanimator.swift; sourceTree = "<group>"; };
		D34643CE1E88E6CC004EE56D /* oneViewController.swift */ = {isa = PBXFileReference; fileEncoding = 4; lastKnownFileType = sourcecode.swift; path = oneViewController.swift; sourceTree = "<group>"; };
		D34643F01E890DE0004EE56D /* YYGKline.swift */ = {isa = PBXFileReference; fileEncoding = 4; lastKnownFileType = sourcecode.swift; path = YYGKline.swift; sourceTree = "<group>"; };
		D3986AB11E8E237C00C7392F /* KlineParameter.swift */ = {isa = PBXFileReference; fileEncoding = 4; lastKnownFileType = sourcecode.swift; path = KlineParameter.swift; sourceTree = "<group>"; };
		D3986AB31E8E257600C7392F /* KlineWalkView.swift */ = {isa = PBXFileReference; fileEncoding = 4; lastKnownFileType = sourcecode.swift; path = KlineWalkView.swift; sourceTree = "<group>"; };
		D3986AB51E8E679200C7392F /* YYGShapeLayer.swift */ = {isa = PBXFileReference; fileEncoding = 4; lastKnownFileType = sourcecode.swift; path = YYGShapeLayer.swift; sourceTree = "<group>"; };
		D3E48B8A1E8363C3002C305A /* YYGtemplate.app */ = {isa = PBXFileReference; explicitFileType = wrapper.application; includeInIndex = 0; path = YYGtemplate.app; sourceTree = BUILT_PRODUCTS_DIR; };
		D3E48B8D1E8363C3002C305A /* AppDelegate.swift */ = {isa = PBXFileReference; lastKnownFileType = sourcecode.swift; path = AppDelegate.swift; sourceTree = "<group>"; };
		D3E48B921E8363C3002C305A /* Base */ = {isa = PBXFileReference; lastKnownFileType = file.storyboard; name = Base; path = Base.lproj/Main.storyboard; sourceTree = "<group>"; };
		D3E48B941E8363C3002C305A /* Assets.xcassets */ = {isa = PBXFileReference; lastKnownFileType = folder.assetcatalog; path = Assets.xcassets; sourceTree = "<group>"; };
		D3E48B971E8363C3002C305A /* Base */ = {isa = PBXFileReference; lastKnownFileType = file.storyboard; name = Base; path = Base.lproj/LaunchScreen.storyboard; sourceTree = "<group>"; };
		D3E48B991E8363C3002C305A /* Info.plist */ = {isa = PBXFileReference; lastKnownFileType = text.plist.xml; path = Info.plist; sourceTree = "<group>"; };
		F712F575199D05D4152F79B7 /* Pods-YYGtemplate.release.xcconfig */ = {isa = PBXFileReference; includeInIndex = 1; lastKnownFileType = text.xcconfig; name = "Pods-YYGtemplate.release.xcconfig"; path = "Pods/Target Support Files/Pods-YYGtemplate/Pods-YYGtemplate.release.xcconfig"; sourceTree = "<group>"; };
/* End PBXFileReference section */

/* Begin PBXFrameworksBuildPhase section */
		D3E48B871E8363C3002C305A /* Frameworks */ = {
			isa = PBXFrameworksBuildPhase;
			buildActionMask = 2147483647;
			files = (
				16222680D1DE428C7F65E41F /* Pods_YYGtemplate.framework in Frameworks */,
			);
			runOnlyForDeploymentPostprocessing = 0;
		};
/* End PBXFrameworksBuildPhase section */

/* Begin PBXGroup section */
		34E8033809C894CE63622606 /* Frameworks */ = {
			isa = PBXGroup;
			children = (
				9E50CB0FD35FA1334C266E41 /* Pods_YYGtemplate.framework */,
			);
			name = Frameworks;
			sourceTree = "<group>";
		};
		9960565923B9C455557E4C81 /* Pods */ = {
			isa = PBXGroup;
			children = (
				9C2F9A586BB77F512BC2DC81 /* Pods-YYGtemplate.debug.xcconfig */,
				F712F575199D05D4152F79B7 /* Pods-YYGtemplate.release.xcconfig */,
			);
			name = Pods;
			sourceTree = "<group>";
		};
		D3242B4A1E839B0A008B6AF3 /* Customer */ = {
			isa = PBXGroup;
			children = (
				D3242B4B1E839B52008B6AF3 /* customTabBarController.swift */,
			);
			path = Customer;
			sourceTree = "<group>";
		};
		D3242B4D1E839C2F008B6AF3 /* Category */ = {
			isa = PBXGroup;
			children = (
				D3242B4E1E839C3A008B6AF3 /* YYGcategory.swift */,
				D3242B4F1E839C3A008B6AF3 /* YYGRegular.swift */,
				D3242B501E839C3A008B6AF3 /* YYGText.swift */,
			);
			path = Category;
			sourceTree = "<group>";
		};
		D34643BC1E83C53E004EE56D /* View */ = {
			isa = PBXGroup;
			children = (
				D34643EF1E890DBF004EE56D /* YYGKline */,
				D34643D01E88EF54004EE56D /* KmenuView */,
				D34643BD1E83C53E004EE56D /* FourView */,
				D34643BE1E83C53E004EE56D /* OneView */,
				D34643BF1E83C53E004EE56D /* ThreeView */,
				D34643C01E83C53E004EE56D /* TwoView */,
			);
			path = View;
			sourceTree = "<group>";
		};
		D34643BD1E83C53E004EE56D /* FourView */ = {
			isa = PBXGroup;
			children = (
			);
			path = FourView;
			sourceTree = "<group>";
		};
		D34643BE1E83C53E004EE56D /* OneView */ = {
			isa = PBXGroup;
			children = (
			);
			path = OneView;
			sourceTree = "<group>";
		};
		D34643BF1E83C53E004EE56D /* ThreeView */ = {
			isa = PBXGroup;
			children = (
			);
			path = ThreeView;
			sourceTree = "<group>";
		};
		D34643C01E83C53E004EE56D /* TwoView */ = {
			isa = PBXGroup;
			children = (
			);
			path = TwoView;
			sourceTree = "<group>";
		};
		D34643C11E83C53E004EE56D /* Model */ = {
			isa = PBXGroup;
			children = (
				D34643C21E83C53E004EE56D /* FourModel */,
				D34643C31E83C53E004EE56D /* OneModel */,
				D34643C41E83C53E004EE56D /* ThreeModel */,
				D34643C51E83C53E004EE56D /* TwoModel */,
			);
			path = Model;
			sourceTree = "<group>";
		};
		D34643C21E83C53E004EE56D /* FourModel */ = {
			isa = PBXGroup;
			children = (
			);
			path = FourModel;
			sourceTree = "<group>";
		};
		D34643C31E83C53E004EE56D /* OneModel */ = {
			isa = PBXGroup;
			children = (
			);
			path = OneModel;
			sourceTree = "<group>";
		};
		D34643C41E83C53E004EE56D /* ThreeModel */ = {
			isa = PBXGroup;
			children = (
			);
			path = ThreeModel;
			sourceTree = "<group>";
		};
		D34643C51E83C53E004EE56D /* TwoModel */ = {
			isa = PBXGroup;
			children = (
			);
			path = TwoModel;
			sourceTree = "<group>";
		};
		D34643C61E83C53E004EE56D /* Controller */ = {
			isa = PBXGroup;
			children = (
				D34643C71E83C53E004EE56D /* FourVC */,
				D34643C81E83C53E004EE56D /* OneVC */,
				D34643C91E83C53E004EE56D /* ThreeVC */,
				D34643CA1E83C53E004EE56D /* TwoVC */,
			);
			path = Controller;
			sourceTree = "<group>";
		};
		D34643C71E83C53E004EE56D /* FourVC */ = {
			isa = PBXGroup;
			children = (
			);
			path = FourVC;
			sourceTree = "<group>";
		};
		D34643C81E83C53E004EE56D /* OneVC */ = {
			isa = PBXGroup;
			children = (
				D34643CE1E88E6CC004EE56D /* oneViewController.swift */,
				D32D6A0A1E8CB5C900C87F78 /* fullScreenViewController.swift */,
				D32D6A0C1E8CEAA600C87F78 /* YYGKlinecontainerVC.swift */,
			);
			path = OneVC;
			sourceTree = "<group>";
		};
		D34643C91E83C53E004EE56D /* ThreeVC */ = {
			isa = PBXGroup;
			children = (
			);
			path = ThreeVC;
			sourceTree = "<group>";
		};
		D34643CA1E83C53E004EE56D /* TwoVC */ = {
			isa = PBXGroup;
			children = (
			);
			path = TwoVC;
			sourceTree = "<group>";
		};
		D34643CB1E83C7A5004EE56D /* Animator */ = {
			isa = PBXGroup;
			children = (
				D34643CC1E83C7BB004EE56D /* POPanimator.swift */,
			);
			path = Animator;
			sourceTree = "<group>";
		};
		D34643D01E88EF54004EE56D /* KmenuView */ = {
			isa = PBXGroup;
			children = (
			);
			path = KmenuView;
			sourceTree = "<group>";
		};
		D34643EF1E890DBF004EE56D /* YYGKline */ = {
			isa = PBXGroup;
			children = (
				D3986AB01E8E0B4E00C7392F /* YYGKlineModel */,
				D34643F01E890DE0004EE56D /* YYGKline.swift */,
				D32D6A081E8B85A600C87F78 /* YYGlineLabel.swift */,
				D3986AB31E8E257600C7392F /* KlineWalkView.swift */,
				D3986AB51E8E679200C7392F /* YYGShapeLayer.swift */,
			);
			path = YYGKline;
			sourceTree = "<group>";
		};
		D3986AB01E8E0B4E00C7392F /* YYGKlineModel */ = {
			isa = PBXGroup;
			children = (
				D3986AB11E8E237C00C7392F /* KlineParameter.swift */,
			);
			path = YYGKlineModel;
			sourceTree = "<group>";
		};
		D3E48B811E8363C3002C305A = {
			isa = PBXGroup;
			children = (
				D3E48B8C1E8363C3002C305A /* YYGtemplate */,
				D3E48B8B1E8363C3002C305A /* Products */,
				9960565923B9C455557E4C81 /* Pods */,
				34E8033809C894CE63622606 /* Frameworks */,
			);
			sourceTree = "<group>";
		};
		D3E48B8B1E8363C3002C305A /* Products */ = {
			isa = PBXGroup;
			children = (
				D3E48B8A1E8363C3002C305A /* YYGtemplate.app */,
			);
			name = Products;
			sourceTree = "<group>";
		};
		D3E48B8C1E8363C3002C305A /* YYGtemplate */ = {
			isa = PBXGroup;
			children = (
				D34643CB1E83C7A5004EE56D /* Animator */,
				D34643BC1E83C53E004EE56D /* View */,
				D34643C11E83C53E004EE56D /* Model */,
				D34643C61E83C53E004EE56D /* Controller */,
				D3242B4D1E839C2F008B6AF3 /* Category */,
				D3242B4A1E839B0A008B6AF3 /* Customer */,
				D3E48B8D1E8363C3002C305A /* AppDelegate.swift */,
				D3E48B911E8363C3002C305A /* Main.storyboard */,
				D3E48B941E8363C3002C305A /* Assets.xcassets */,
				D3E48B961E8363C3002C305A /* LaunchScreen.storyboard */,
				D3E48B991E8363C3002C305A /* Info.plist */,
			);
			path = YYGtemplate;
			sourceTree = "<group>";
		};
/* End PBXGroup section */

/* Begin PBXNativeTarget section */
		D3E48B891E8363C3002C305A /* YYGtemplate */ = {
			isa = PBXNativeTarget;
			buildConfigurationList = D3E48B9C1E8363C3002C305A /* Build configuration list for PBXNativeTarget "YYGtemplate" */;
			buildPhases = (
				20B4DBE716211F98ACA1A4CE /* [CP] Check Pods Manifest.lock */,
				D3E48B861E8363C3002C305A /* Sources */,
				D3E48B871E8363C3002C305A /* Frameworks */,
				D3E48B881E8363C3002C305A /* Resources */,
				8D29AAA4372E67B72ADBCA22 /* [CP] Embed Pods Frameworks */,
				5F99FA57AB7A0A4A43DBCD7C /* [CP] Copy Pods Resources */,
			);
			buildRules = (
			);
			dependencies = (
			);
			name = YYGtemplate;
			productName = YYGtemplate;
			productReference = D3E48B8A1E8363C3002C305A /* YYGtemplate.app */;
			productType = "com.apple.product-type.application";
		};
/* End PBXNativeTarget section */

/* Begin PBXProject section */
		D3E48B821E8363C3002C305A /* Project object */ = {
			isa = PBXProject;
			attributes = {
				LastSwiftUpdateCheck = 0820;
				LastUpgradeCheck = 0820;
				ORGANIZATIONNAME = blog.aiyinyu.com;
				TargetAttributes = {
					D3E48B891E8363C3002C305A = {
						CreatedOnToolsVersion = 8.2.1;
						DevelopmentTeam = Q9W856A7K3;
						ProvisioningStyle = Automatic;
					};
				};
			};
			buildConfigurationList = D3E48B851E8363C3002C305A /* Build configuration list for PBXProject "YYGtemplate" */;
			compatibilityVersion = "Xcode 3.2";
			developmentRegion = English;
			hasScannedForEncodings = 0;
			knownRegions = (
				en,
				Base,
			);
			mainGroup = D3E48B811E8363C3002C305A;
			productRefGroup = D3E48B8B1E8363C3002C305A /* Products */;
			projectDirPath = "";
			projectRoot = "";
			targets = (
				D3E48B891E8363C3002C305A /* YYGtemplate */,
			);
		};
/* End PBXProject section */

/* Begin PBXResourcesBuildPhase section */
		D3E48B881E8363C3002C305A /* Resources */ = {
			isa = PBXResourcesBuildPhase;
			buildActionMask = 2147483647;
			files = (
				D3E48B981E8363C3002C305A /* LaunchScreen.storyboard in Resources */,
				D3E48B951E8363C3002C305A /* Assets.xcassets in Resources */,
				D3E48B931E8363C3002C305A /* Main.storyboard in Resources */,
			);
			runOnlyForDeploymentPostprocessing = 0;
		};
/* End PBXResourcesBuildPhase section */

/* Begin PBXShellScriptBuildPhase section */
		20B4DBE716211F98ACA1A4CE /* [CP] Check Pods Manifest.lock */ = {
			isa = PBXShellScriptBuildPhase;
			buildActionMask = 2147483647;
			files = (
			);
			inputPaths = (
			);
			name = "[CP] Check Pods Manifest.lock";
			outputPaths = (
			);
			runOnlyForDeploymentPostprocessing = 0;
			shellPath = /bin/sh;
			shellScript = "diff \"${PODS_ROOT}/../Podfile.lock\" \"${PODS_ROOT}/Manifest.lock\" > /dev/null\nif [ $? != 0 ] ; then\n    # print error to STDERR\n    echo \"error: The sandbox is not in sync with the Podfile.lock. Run 'pod install' or update your CocoaPods installation.\" >&2\n    exit 1\nfi\n";
			showEnvVarsInLog = 0;
		};
		5F99FA57AB7A0A4A43DBCD7C /* [CP] Copy Pods Resources */ = {
			isa = PBXShellScriptBuildPhase;
			buildActionMask = 2147483647;
			files = (
			);
			inputPaths = (
			);
			name = "[CP] Copy Pods Resources";
			outputPaths = (
			);
			runOnlyForDeploymentPostprocessing = 0;
			shellPath = /bin/sh;
			shellScript = "\"${SRCROOT}/Pods/Target Support Files/Pods-YYGtemplate/Pods-YYGtemplate-resources.sh\"\n";
			showEnvVarsInLog = 0;
		};
		8D29AAA4372E67B72ADBCA22 /* [CP] Embed Pods Frameworks */ = {
			isa = PBXShellScriptBuildPhase;
			buildActionMask = 2147483647;
			files = (
			);
			inputPaths = (
			);
			name = "[CP] Embed Pods Frameworks";
			outputPaths = (
			);
			runOnlyForDeploymentPostprocessing = 0;
			shellPath = /bin/sh;
			shellScript = "\"${SRCROOT}/Pods/Target Support Files/Pods-YYGtemplate/Pods-YYGtemplate-frameworks.sh\"\n";
			showEnvVarsInLog = 0;
		};
/* End PBXShellScriptBuildPhase section */

/* Begin PBXSourcesBuildPhase section */
		D3E48B861E8363C3002C305A /* Sources */ = {
			isa = PBXSourcesBuildPhase;
			buildActionMask = 2147483647;
			files = (
				D32D6A0D1E8CEAA600C87F78 /* YYGKlinecontainerVC.swift in Sources */,
				D32D6A091E8B85A600C87F78 /* YYGlineLabel.swift in Sources */,
				D3242B4C1E839B52008B6AF3 /* customTabBarController.swift in Sources */,
				D3E48B8E1E8363C3002C305A /* AppDelegate.swift in Sources */,
				D3242B521E839C3A008B6AF3 /* YYGRegular.swift in Sources */,
				D3986AB61E8E679200C7392F /* YYGShapeLayer.swift in Sources */,
				D34643CF1E88E6CC004EE56D /* oneViewController.swift in Sources */,
				D3242B511E839C3A008B6AF3 /* YYGcategory.swift in Sources */,
				D3986AB21E8E237C00C7392F /* KlineParameter.swift in Sources */,
				D34643F11E890DE0004EE56D /* YYGKline.swift in Sources */,
				D32D6A0B1E8CB5C900C87F78 /* fullScreenViewController.swift in Sources */,
				D34643CD1E83C7BB004EE56D /* POPanimator.swift in Sources */,
				D3986AB41E8E257600C7392F /* KlineWalkView.swift in Sources */,
				D3242B531E839C3A008B6AF3 /* YYGText.swift in Sources */,
			);
			runOnlyForDeploymentPostprocessing = 0;
		};
/* End PBXSourcesBuildPhase section */

/* Begin PBXVariantGroup section */
		D3E48B911E8363C3002C305A /* Main.storyboard */ = {
			isa = PBXVariantGroup;
			children = (
				D3E48B921E8363C3002C305A /* Base */,
			);
			name = Main.storyboard;
			sourceTree = "<group>";
		};
		D3E48B961E8363C3002C305A /* LaunchScreen.storyboard */ = {
			isa = PBXVariantGroup;
			children = (
				D3E48B971E8363C3002C305A /* Base */,
			);
			name = LaunchScreen.storyboard;
			sourceTree = "<group>";
		};
/* End PBXVariantGroup section */

/* Begin XCBuildConfiguration section */
		D3E48B9A1E8363C3002C305A /* Debug */ = {
			isa = XCBuildConfiguration;
			buildSettings = {
				ALWAYS_SEARCH_USER_PATHS = NO;
				CLANG_ANALYZER_NONNULL = YES;
				CLANG_CXX_LANGUAGE_STANDARD = "gnu++0x";
				CLANG_CXX_LIBRARY = "libc++";
				CLANG_ENABLE_MODULES = YES;
				CLANG_ENABLE_OBJC_ARC = YES;
				CLANG_WARN_BOOL_CONVERSION = YES;
				CLANG_WARN_CONSTANT_CONVERSION = YES;
				CLANG_WARN_DIRECT_OBJC_ISA_USAGE = YES_ERROR;
				CLANG_WARN_DOCUMENTATION_COMMENTS = YES;
				CLANG_WARN_EMPTY_BODY = YES;
				CLANG_WARN_ENUM_CONVERSION = YES;
				CLANG_WARN_INFINITE_RECURSION = YES;
				CLANG_WARN_INT_CONVERSION = YES;
				CLANG_WARN_OBJC_ROOT_CLASS = YES_ERROR;
				CLANG_WARN_SUSPICIOUS_MOVE = YES;
				CLANG_WARN_UNREACHABLE_CODE = YES;
				CLANG_WARN__DUPLICATE_METHOD_MATCH = YES;
				"CODE_SIGN_IDENTITY[sdk=iphoneos*]" = "iPhone Developer";
				COPY_PHASE_STRIP = NO;
				DEBUG_INFORMATION_FORMAT = dwarf;
				ENABLE_STRICT_OBJC_MSGSEND = YES;
				ENABLE_TESTABILITY = YES;
				GCC_C_LANGUAGE_STANDARD = gnu99;
				GCC_DYNAMIC_NO_PIC = NO;
				GCC_NO_COMMON_BLOCKS = YES;
				GCC_OPTIMIZATION_LEVEL = 0;
				GCC_PREPROCESSOR_DEFINITIONS = (
					"DEBUG=1",
					"$(inherited)",
				);
				GCC_WARN_64_TO_32_BIT_CONVERSION = YES;
				GCC_WARN_ABOUT_RETURN_TYPE = YES_ERROR;
				GCC_WARN_UNDECLARED_SELECTOR = YES;
				GCC_WARN_UNINITIALIZED_AUTOS = YES_AGGRESSIVE;
				GCC_WARN_UNUSED_FUNCTION = YES;
				GCC_WARN_UNUSED_VARIABLE = YES;
				IPHONEOS_DEPLOYMENT_TARGET = 10.2;
				MTL_ENABLE_DEBUG_INFO = YES;
				ONLY_ACTIVE_ARCH = YES;
				SDKROOT = iphoneos;
				SWIFT_ACTIVE_COMPILATION_CONDITIONS = DEBUG;
				SWIFT_OPTIMIZATION_LEVEL = "-Onone";
			};
			name = Debug;
		};
		D3E48B9B1E8363C3002C305A /* Release */ = {
			isa = XCBuildConfiguration;
			buildSettings = {
				ALWAYS_SEARCH_USER_PATHS = NO;
				CLANG_ANALYZER_NONNULL = YES;
				CLANG_CXX_LANGUAGE_STANDARD = "gnu++0x";
				CLANG_CXX_LIBRARY = "libc++";
				CLANG_ENABLE_MODULES = YES;
				CLANG_ENABLE_OBJC_ARC = YES;
				CLANG_WARN_BOOL_CONVERSION = YES;
				CLANG_WARN_CONSTANT_CONVERSION = YES;
				CLANG_WARN_DIRECT_OBJC_ISA_USAGE = YES_ERROR;
				CLANG_WARN_DOCUMENTATION_COMMENTS = YES;
				CLANG_WARN_EMPTY_BODY = YES;
				CLANG_WARN_ENUM_CONVERSION = YES;
				CLANG_WARN_INFINITE_RECURSION = YES;
				CLANG_WARN_INT_CONVERSION = YES;
				CLANG_WARN_OBJC_ROOT_CLASS = YES_ERROR;
				CLANG_WARN_SUSPICIOUS_MOVE = YES;
				CLANG_WARN_UNREACHABLE_CODE = YES;
				CLANG_WARN__DUPLICATE_METHOD_MATCH = YES;
				"CODE_SIGN_IDENTITY[sdk=iphoneos*]" = "iPhone Developer";
				COPY_PHASE_STRIP = NO;
				DEBUG_INFORMATION_FORMAT = "dwarf-with-dsym";
				ENABLE_NS_ASSERTIONS = NO;
				ENABLE_STRICT_OBJC_MSGSEND = YES;
				GCC_C_LANGUAGE_STANDARD = gnu99;
				GCC_NO_COMMON_BLOCKS = YES;
				GCC_WARN_64_TO_32_BIT_CONVERSION = YES;
				GCC_WARN_ABOUT_RETURN_TYPE = YES_ERROR;
				GCC_WARN_UNDECLARED_SELECTOR = YES;
				GCC_WARN_UNINITIALIZED_AUTOS = YES_AGGRESSIVE;
				GCC_WARN_UNUSED_FUNCTION = YES;
				GCC_WARN_UNUSED_VARIABLE = YES;
				IPHONEOS_DEPLOYMENT_TARGET = 10.2;
				MTL_ENABLE_DEBUG_INFO = NO;
				SDKROOT = iphoneos;
				SWIFT_OPTIMIZATION_LEVEL = "-Owholemodule";
				VALIDATE_PRODUCT = YES;
			};
			name = Release;
		};
		D3E48B9D1E8363C3002C305A /* Debug */ = {
			isa = XCBuildConfiguration;
			baseConfigurationReference = 9C2F9A586BB77F512BC2DC81 /* Pods-YYGtemplate.debug.xcconfig */;
			buildSettings = {
				ASSETCATALOG_COMPILER_APPICON_NAME = AppIcon;
				DEVELOPMENT_TEAM = Q9W856A7K3;
				INFOPLIST_FILE = YYGtemplate/Info.plist;
				IPHONEOS_DEPLOYMENT_TARGET = 8.0;
				LD_RUNPATH_SEARCH_PATHS = "$(inherited) @executable_path/Frameworks";
				PRODUCT_BUNDLE_IDENTIFIER = com.qukuaiguoji.YYGtemplate;
				PRODUCT_NAME = "$(TARGET_NAME)";
				SWIFT_VERSION = 3.0;
			};
			name = Debug;
		};
		D3E48B9E1E8363C3002C305A /* Release */ = {
			isa = XCBuildConfiguration;
			baseConfigurationReference = F712F575199D05D4152F79B7 /* Pods-YYGtemplate.release.xcconfig */;
			buildSettings = {
				ASSETCATALOG_COMPILER_APPICON_NAME = AppIcon;
				DEVELOPMENT_TEAM = Q9W856A7K3;
				INFOPLIST_FILE = YYGtemplate/Info.plist;
				IPHONEOS_DEPLOYMENT_TARGET = 8.0;
				LD_RUNPATH_SEARCH_PATHS = "$(inherited) @executable_path/Frameworks";
				PRODUCT_BUNDLE_IDENTIFIER = com.qukuaiguoji.YYGtemplate;
				PRODUCT_NAME = "$(TARGET_NAME)";
				SWIFT_VERSION = 3.0;
			};
			name = Release;
		};
/* End XCBuildConfiguration section */

/* Begin XCConfigurationList section */
		D3E48B851E8363C3002C305A /* Build configuration list for PBXProject "YYGtemplate" */ = {
			isa = XCConfigurationList;
			buildConfigurations = (
				D3E48B9A1E8363C3002C305A /* Debug */,
				D3E48B9B1E8363C3002C305A /* Release */,
			);
			defaultConfigurationIsVisible = 0;
			defaultConfigurationName = Release;
		};
		D3E48B9C1E8363C3002C305A /* Build configuration list for PBXNativeTarget "YYGtemplate" */ = {
			isa = XCConfigurationList;
			buildConfigurations = (
				D3E48B9D1E8363C3002C305A /* Debug */,
				D3E48B9E1E8363C3002C305A /* Release */,
			);
			defaultConfigurationIsVisible = 0;
			defaultConfigurationName = Release;
		};
/* End XCConfigurationList section */
	};
	rootObject = D3E48B821E8363C3002C305A /* Project object */;
}
